
Microsoft Visual Studio Solution File, Format Version 12.00
# Visual Studio 15
VisualStudioVersion = 15.0.28307.271
MinimumVisualStudioVersion = 10.0.40219.1
Project("{FAE04EC0-301F-11D3-BF4B-00C04F79EFBC}") = "Završni rad", "Završni rad\Završni rad.csproj", "{12B848F0-7289-4376-8E5F-E3BF9F1AF13B}"
EndProject
Global
	GlobalSection(SolutionConfigurationPlatforms) = preSolution
		Debug|Any CPU = Debug|Any CPU
		Release|Any CPU = Release|Any CPU
	EndGlobalSection
	GlobalSection(ProjectConfigurationPlatforms) = postSolution
		{12B848F0-7289-4376-8E5F-E3BF9F1AF13B}.Debug|Any CPU.ActiveCfg = Debug|Any CPU
		{12B848F0-7289-4376-8E5F-E3BF9F1AF13B}.Debug|Any CPU.Build.0 = Debug|Any CPU
		{12B848F0-7289-4376-8E5F-E3BF9F1AF13B}.Release|Any CPU.ActiveCfg = Release|Any CPU
		{12B848F0-7289-4376-8E5F-E3BF9F1AF13B}.Release|Any CPU.Build.0 = Release|Any CPU
	EndGlobalSection
	GlobalSection(SolutionProperties) = preSolution
		HideSolutionNode = FALSE
	EndGlobalSection
	GlobalSection(ExtensibilityGlobals) = postSolution
		SolutionGuid = {1D10A1B5-4630-4A5E-B9BF-795E5756DFC5}
	EndGlobalSection
EndGlobal
